
Microsoft Visual Studio Solution File, Format Version 12.00
# Visual Studio Version 17
VisualStudioVersion = 17.14.37710.0 d17.14
MinimumVisualStudioVersion = 10.0.40219.1
Project("{FAE04EC0-301F-11D3-BF4B-00C04F79EFBC}") = "Lab04", "Lab04\Lab04.csproj", "{B52FA0E2-110F-441C-9E8D-E8973C799525}"
EndProject
Global
	GlobalSection(SolutionConfigurationPlatforms) = preSolution
		Debug|Any CPU = Debug|Any CPU
		Release|Any CPU = Release|Any CPU
	EndGlobalSection
	GlobalSection(ProjectConfigurationPlatforms) = postSolution
		{B52FA0E2-110F-441C-9E8D-E8973C799525}.Debug|Any CPU.ActiveCfg = Debug|Any CPU
		{B52FA0E2-110F-441C-9E8D-E8973C799525}.Debug|Any CPU.Build.0 = Debug|Any CPU
		{B52FA0E2-110F-441C-9E8D-E8973C799525}.Release|Any CPU.ActiveCfg = Release|Any CPU
		{B52FA0E2-110F-441C-9E8D-E8973C799525}.Release|Any CPU.Build.0 = Release|Any CPU
	EndGlobalSection
	GlobalSection(SolutionProperties) = preSolution
		HideSolutionNode = FALSE
	EndGlobalSection
	GlobalSection(ExtensibilityGlobals) = postSolution
		SolutionGuid = {CD043185-B078-4960-9AE5-4CB13F9F85CF}
	EndGlobalSection
EndGlobal
